
Microsoft Visual Studio Solution File, Format Version 12.00
Project("{FAE04EC0-301F-11D3-BF4B-00C04F79EFBC}") = "WooCommerce.NET.Tests", "WooCommerce.NET.Tests\WooCommerce.NET.Tests.csproj", "{2A595483-656A-476E-BADE-294B24F3DFE0}"
EndProject
Project("{FAE04EC0-301F-11D3-BF4B-00C04F79EFBC}") = "WooCommerce.NET", "WooCommerce.NET\WooCommerce.NET.csproj", "{1C20211D-20F4-4D21-9752-B724D20679EA}"
EndProject
Global
	GlobalSection(SolutionConfigurationPlatforms) = preSolution
		Debug|Any CPU = Debug|Any CPU
		Release|Any CPU = Release|Any CPU
	EndGlobalSection
	GlobalSection(ProjectConfigurationPlatforms) = postSolution
		{2A595483-656A-476E-BADE-294B24F3DFE0}.Debug|Any CPU.ActiveCfg = Debug|Any CPU
		{2A595483-656A-476E-BADE-294B24F3DFE0}.Debug|Any CPU.Build.0 = Debug|Any CPU
		{2A595483-656A-476E-BADE-294B24F3DFE0}.Release|Any CPU.ActiveCfg = Release|Any CPU
		{2A595483-656A-476E-BADE-294B24F3DFE0}.Release|Any CPU.Build.0 = Release|Any CPU
		{1C20211D-20F4-4D21-9752-B724D20679EA}.Debug|Any CPU.ActiveCfg = Debug|Any CPU
		{1C20211D-20F4-4D21-9752-B724D20679EA}.Debug|Any CPU.Build.0 = Debug|Any CPU
		{1C20211D-20F4-4D21-9752-B724D20679EA}.Release|Any CPU.ActiveCfg = Release|Any CPU
		{1C20211D-20F4-4D21-9752-B724D20679EA}.Release|Any CPU.Build.0 = Release|Any CPU
	EndGlobalSection
EndGlobal
